
Microsoft Visual Studio Solution File, Format Version 12.00
# Visual Studio Version 17
VisualStudioVersion = 17.3.32819.101
MinimumVisualStudioVersion = 10.0.40219.1
Project("{2150E333-8FDC-42A3-9474-1A3956D46DE8}") = "src", "src", "{203F132D-8F44-45C3-A85D-38FBD6768BA2}"
EndProject
Project("{2150E333-8FDC-42A3-9474-1A3956D46DE8}") = "corePackages", "corePackages", "{C157D056-8137-4E6D-88FA-C062587BBBFC}"
EndProject
Project("{9A19103F-16F7-4668-BE54-9A1E7A4F7556}") = "Core.Application", "src\corePackages\Core.Application\Core.Application.csproj", "{B12BE565-A52F-4761-9881-22CF7D87E1C6}"
EndProject
Project("{9A19103F-16F7-4668-BE54-9A1E7A4F7556}") = "Core.CrossCuttingConcerns", "src\corePackages\Core.CrossCuttingConcerns\Core.CrossCuttingConcerns.csproj", "{07804F9B-A191-4D47-ACB1-3777CFA42F8E}"
EndProject
Project("{9A19103F-16F7-4668-BE54-9A1E7A4F7556}") = "Core.ElasticSearch", "src\corePackages\Core.ElasticSearch\Core.ElasticSearch.csproj", "{857D908D-6030-4728-BBE8-4A809BF9F21B}"
EndProject
Project("{9A19103F-16F7-4668-BE54-9A1E7A4F7556}") = "Core.Mailing", "src\corePackages\Core.Mailing\Core.Mailing.csproj", "{EE359E5A-03EA-4D0B-92D5-5867E2377B2D}"
EndProject
Project("{9A19103F-16F7-4668-BE54-9A1E7A4F7556}") = "Core.Persistence", "src\corePackages\Core.Persistence\Core.Persistence.csproj", "{77C19D8C-58C5-41A3-9C55-C8950DD5DEA4}"
EndProject
Project("{9A19103F-16F7-4668-BE54-9A1E7A4F7556}") = "Core.Security", "src\corePackages\Core.Security\Core.Security.csproj", "{2D5FD267-4933-49BA-903F-02BA7A45E0A4}"
EndProject
Project("{2150E333-8FDC-42A3-9474-1A3956D46DE8}") = "project", "project", "{C96538B2-BAFB-4A8D-9B6A-BE6D6A81C2B0}"
EndProject
Project("{FAE04EC0-301F-11D3-BF4B-00C04F79EFBC}") = "WebAPI", "src\project\WebAPI\WebAPI.csproj", "{CFC9A0D6-5EDF-40E5-8B73-A338EB81EE75}"
EndProject
Project("{FAE04EC0-301F-11D3-BF4B-00C04F79EFBC}") = "Application", "src\project\Application\Application.csproj", "{BC17297A-F60B-4894-9CE4-ED23BDF53623}"
EndProject
Project("{FAE04EC0-301F-11D3-BF4B-00C04F79EFBC}") = "Domain", "src\project\Domain\Domain.csproj", "{84B8B6E4-5743-4117-B15E-5D1ACDB07F96}"
EndProject
Project("{FAE04EC0-301F-11D3-BF4B-00C04F79EFBC}") = "Infrastructure", "src\project\Infrastructure\Infrastructure.csproj", "{25BEC6E9-CE6B-446A-8B45-40229D7E3ECE}"
EndProject
Project("{FAE04EC0-301F-11D3-BF4B-00C04F79EFBC}") = "Persistence", "src\project\Persistence\Persistence.csproj", "{A2C52DEE-8D3A-40A2-BC13-BAE45DF6E8DB}"
EndProject
Global
	GlobalSection(SolutionConfigurationPlatforms) = preSolution
		Debug|Any CPU = Debug|Any CPU
		Release|Any CPU = Release|Any CPU
	EndGlobalSection
	GlobalSection(ProjectConfigurationPlatforms) = postSolution
		{B12BE565-A52F-4761-9881-22CF7D87E1C6}.Debug|Any CPU.ActiveCfg = Debug|Any CPU
		{B12BE565-A52F-4761-9881-22CF7D87E1C6}.Debug|Any CPU.Build.0 = Debug|Any CPU
		{B12BE565-A52F-4761-9881-22CF7D87E1C6}.Release|Any CPU.ActiveCfg = Release|Any CPU
		{B12BE565-A52F-4761-9881-22CF7D87E1C6}.Release|Any CPU.Build.0 = Release|Any CPU
		{07804F9B-A191-4D47-ACB1-3777CFA42F8E}.Debug|Any CPU.ActiveCfg = Debug|Any CPU
		{07804F9B-A191-4D47-ACB1-3777CFA42F8E}.Debug|Any CPU.Build.0 = Debug|Any CPU
		{07804F9B-A191-4D47-ACB1-3777CFA42F8E}.Release|Any CPU.ActiveCfg = Release|Any CPU
		{07804F9B-A191-4D47-ACB1-3777CFA42F8E}.Release|Any CPU.Build.0 = Release|Any CPU
		{857D908D-6030-4728-BBE8-4A809BF9F21B}.Debug|Any CPU.ActiveCfg = Debug|Any CPU
		{857D908D-6030-4728-BBE8-4A809BF9F21B}.Debug|Any CPU.Build.0 = Debug|Any CPU
		{857D908D-6030-4728-BBE8-4A809BF9F21B}.Release|Any CPU.ActiveCfg = Release|Any CPU
		{857D908D-6030-4728-BBE8-4A809BF9F21B}.Release|Any CPU.Build.0 = Release|Any CPU
		{EE359E5A-03EA-4D0B-92D5-5867E2377B2D}.Debug|Any CPU.ActiveCfg = Debug|Any CPU
		{EE359E5A-03EA-4D0B-92D5-5867E2377B2D}.Debug|Any CPU.Build.0 = Debug|Any CPU
		{EE359E5A-03EA-4D0B-92D5-5867E2377B2D}.Release|Any CPU.ActiveCfg = Release|Any CPU
		{EE359E5A-03EA-4D0B-92D5-5867E2377B2D}.Release|Any CPU.Build.0 = Release|Any CPU
		{77C19D8C-58C5-41A3-9C55-C8950DD5DEA4}.Debug|Any CPU.ActiveCfg = Debug|Any CPU
		{77C19D8C-58C5-41A3-9C55-C8950DD5DEA4}.Debug|Any CPU.Build.0 = Debug|Any CPU
		{77C19D8C-58C5-41A3-9C55-C8950DD5DEA4}.Release|Any CPU.ActiveCfg = Release|Any CPU
		{77C19D8C-58C5-41A3-9C55-C8950DD5DEA4}.Release|Any CPU.Build.0 = Release|Any CPU
		{2D5FD267-4933-49BA-903F-02BA7A45E0A4}.Debug|Any CPU.ActiveCfg = Debug|Any CPU
		{2D5FD267-4933-49BA-903F-02BA7A45E0A4}.Debug|Any CPU.Build.0 = Debug|Any CPU
		{2D5FD267-4933-49BA-903F-02BA7A45E0A4}.Release|Any CPU.ActiveCfg = Release|Any CPU
		{2D5FD267-4933-49BA-903F-02BA7A45E0A4}.Release|Any CPU.Build.0 = Release|Any CPU
		{CFC9A0D6-5EDF-40E5-8B73-A338EB81EE75}.Debug|Any CPU.ActiveCfg = Debug|Any CPU
		{CFC9A0D6-5EDF-40E5-8B73-A338EB81EE75}.Debug|Any CPU.Build.0 = Debug|Any CPU
		{CFC9A0D6-5EDF-40E5-8B73-A338EB81EE75}.Release|Any CPU.ActiveCfg = Release|Any CPU
		{CFC9A0D6-5EDF-40E5-8B73-A338EB81EE75}.Release|Any CPU.Build.0 = Release|Any CPU
		{BC17297A-F60B-4894-9CE4-ED23BDF53623}.Debug|Any CPU.ActiveCfg = Debug|Any CPU
		{BC17297A-F60B-4894-9CE4-ED23BDF53623}.Debug|Any CPU.Build.0 = Debug|Any CPU
		{BC17297A-F60B-4894-9CE4-ED23BDF53623}.Release|Any CPU.ActiveCfg = Release|Any CPU
		{BC17297A-F60B-4894-9CE4-ED23BDF53623}.Release|Any CPU.Build.0 = Release|Any CPU
		{84B8B6E4-5743-4117-B15E-5D1ACDB07F96}.Debug|Any CPU.ActiveCfg = Debug|Any CPU
		{84B8B6E4-5743-4117-B15E-5D1ACDB07F96}.Debug|Any CPU.Build.0 = Debug|Any CPU
		{84B8B6E4-5743-4117-B15E-5D1ACDB07F96}.Release|Any CPU.ActiveCfg = Release|Any CPU
		{84B8B6E4-5743-4117-B15E-5D1ACDB07F96}.Release|Any CPU.Build.0 = Release|Any CPU
		{25BEC6E9-CE6B-446A-8B45-40229D7E3ECE}.Debug|Any CPU.ActiveCfg = Debug|Any CPU
		{25BEC6E9-CE6B-446A-8B45-40229D7E3ECE}.Debug|Any CPU.Build.0 = Debug|Any CPU
		{25BEC6E9-CE6B-446A-8B45-40229D7E3ECE}.Release|Any CPU.ActiveCfg = Release|Any CPU
		{25BEC6E9-CE6B-446A-8B45-40229D7E3ECE}.Release|Any CPU.Build.0 = Release|Any CPU
		{A2C52DEE-8D3A-40A2-BC13-BAE45DF6E8DB}.Debug|Any CPU.ActiveCfg = Debug|Any CPU
		{A2C52DEE-8D3A-40A2-BC13-BAE45DF6E8DB}.Debug|Any CPU.Build.0 = Debug|Any CPU
		{A2C52DEE-8D3A-40A2-BC13-BAE45DF6E8DB}.Release|Any CPU.ActiveCfg = Release|Any CPU
		{A2C52DEE-8D3A-40A2-BC13-BAE45DF6E8DB}.Release|Any CPU.Build.0 = Release|Any CPU
	EndGlobalSection
	GlobalSection(SolutionProperties) = preSolution
		HideSolutionNode = FALSE
	EndGlobalSection
	GlobalSection(NestedProjects) = preSolution
		{C157D056-8137-4E6D-88FA-C062587BBBFC} = {203F132D-8F44-45C3-A85D-38FBD6768BA2}
		{B12BE565-A52F-4761-9881-22CF7D87E1C6} = {C157D056-8137-4E6D-88FA-C062587BBBFC}
		{07804F9B-A191-4D47-ACB1-3777CFA42F8E} = {C157D056-8137-4E6D-88FA-C062587BBBFC}
		{857D908D-6030-4728-BBE8-4A809BF9F21B} = {C157D056-8137-4E6D-88FA-C062587BBBFC}
		{EE359E5A-03EA-4D0B-92D5-5867E2377B2D} = {C157D056-8137-4E6D-88FA-C062587BBBFC}
		{77C19D8C-58C5-41A3-9C55-C8950DD5DEA4} = {C157D056-8137-4E6D-88FA-C062587BBBFC}
		{2D5FD267-4933-49BA-903F-02BA7A45E0A4} = {C157D056-8137-4E6D-88FA-C062587BBBFC}
		{C96538B2-BAFB-4A8D-9B6A-BE6D6A81C2B0} = {203F132D-8F44-45C3-A85D-38FBD6768BA2}
		{CFC9A0D6-5EDF-40E5-8B73-A338EB81EE75} = {C96538B2-BAFB-4A8D-9B6A-BE6D6A81C2B0}
		{BC17297A-F60B-4894-9CE4-ED23BDF53623} = {C96538B2-BAFB-4A8D-9B6A-BE6D6A81C2B0}
		{84B8B6E4-5743-4117-B15E-5D1ACDB07F96} = {C96538B2-BAFB-4A8D-9B6A-BE6D6A81C2B0}
		{25BEC6E9-CE6B-446A-8B45-40229D7E3ECE} = {C96538B2-BAFB-4A8D-9B6A-BE6D6A81C2B0}
		{A2C52DEE-8D3A-40A2-BC13-BAE45DF6E8DB} = {C96538B2-BAFB-4A8D-9B6A-BE6D6A81C2B0}
	EndGlobalSection
	GlobalSection(ExtensibilityGlobals) = postSolution
		SolutionGuid = {D9F7CA0E-B296-44C0-86BA-CA1636B137B1}
	EndGlobalSection
EndGlobal
